
Microsoft Visual Studio Solution File, Format Version 12.00
# Visual Studio Version 16
VisualStudioVersion = 16.0.29306.81
MinimumVisualStudioVersion = 10.0.40219.1
Project("{FAE04EC0-301F-11D3-BF4B-00C04F79EFBC}") = "GenericCollectionsDemo", "GenericCollectionsDemo.csproj", "{A680D564-20C3-4E34-AE45-7D8096253AD8}"
EndProject
Global
	GlobalSection(SolutionConfigurationPlatforms) = preSolution
		Debug|Any CPU = Debug|Any CPU
		Release|Any CPU = Release|Any CPU
	EndGlobalSection
	GlobalSection(ProjectConfigurationPlatforms) = postSolution
		{A680D564-20C3-4E34-AE45-7D8096253AD8}.Debug|Any CPU.ActiveCfg = Debug|Any CPU
		{A680D564-20C3-4E34-AE45-7D8096253AD8}.Debug|Any CPU.Build.0 = Debug|Any CPU
		{A680D564-20C3-4E34-AE45-7D8096253AD8}.Release|Any CPU.ActiveCfg = Release|Any CPU
		{A680D564-20C3-4E34-AE45-7D8096253AD8}.Release|Any CPU.Build.0 = Release|Any CPU
	EndGlobalSection
	GlobalSection(SolutionProperties) = preSolution
		HideSolutionNode = FALSE
	EndGlobalSection
	GlobalSection(ExtensibilityGlobals) = postSolution
		SolutionGuid = {978C1451-B5B3-4AD8-8AC4-20E029A17337}
	EndGlobalSection
EndGlobal
